// !$*UTF8*$!
{
	archiveVersion = 1;
	classes = {
	};
	objectVersion = 46;
	objects = {

/* Begin PBXBuildFile section */
		5B5162B2158BC38F00F19D35 /* TBCredentialsInputViewController.m in Sources */ = {isa = PBXBuildFile; fileRef = 5B5162B0158BC38F00F19D35 /* TBCredentialsInputViewController.m */; };
		5B5162B3158BC38F00F19D35 /* TBCredentialsInputViewController.xib in Resources */ = {isa = PBXBuildFile; fileRef = 5B5162B1158BC38F00F19D35 /* TBCredentialsInputViewController.xib */; };
		5B7751D11592EB4000843C63 /* .gitignore in Resources */ = {isa = PBXBuildFile; fileRef = 5B7751711592EB4000843C63 /* .gitignore */; };
		5B7751E81592EB4000843C63 /* NSData+Base64.m in Sources */ = {isa = PBXBuildFile; fileRef = 5B7751A91592EB4000843C63 /* NSData+Base64.m */; };
		5B7751E91592EB4000843C63 /* NSDate+RFC1123.m in Sources */ = {isa = PBXBuildFile; fileRef = 5B7751AB1592EB4000843C63 /* NSDate+RFC1123.m */; };
		5B7751EA1592EB4000843C63 /* NSDictionary+RequestEncoding.m in Sources */ = {isa = PBXBuildFile; fileRef = 5B7751AD1592EB4000843C63 /* NSDictionary+RequestEncoding.m */; };
		5B7751EB1592EB4000843C63 /* NSString+MKNetworkKitAdditions.m in Sources */ = {isa = PBXBuildFile; fileRef = 5B7751AF1592EB4000843C63 /* NSString+MKNetworkKitAdditions.m */; };
		5B7751EC1592EB4000843C63 /* UIAlertView+MKNetworkKitAdditions.m in Sources */ = {isa = PBXBuildFile; fileRef = 5B7751B11592EB4000843C63 /* UIAlertView+MKNetworkKitAdditions.m */; };
		5B7751ED1592EB4000843C63 /* MKNetworkEngine.m in Sources */ = {isa = PBXBuildFile; fileRef = 5B7751B31592EB4000843C63 /* MKNetworkEngine.m */; };
		5B7751EE1592EB4000843C63 /* MKNetworkOperation.m in Sources */ = {isa = PBXBuildFile; fileRef = 5B7751B61592EB4000843C63 /* MKNetworkOperation.m */; };
		5B7751EF1592EB4000843C63 /* Reachability.m in Sources */ = {isa = PBXBuildFile; fileRef = 5B7751B91592EB4000843C63 /* Reachability.m */; };
		5B7752201592EB7F00843C63 /* LICENSE.md in Resources */ = {isa = PBXBuildFile; fileRef = 5B7751FF1592EB7F00843C63 /* LICENSE.md */; };
		5B7752211592EB7F00843C63 /* README.md in Resources */ = {isa = PBXBuildFile; fileRef = 5B7752001592EB7F00843C63 /* README.md */; };
		5B77522D1592EB7F00843C63 /* bg-yellow.png in Resources */ = {isa = PBXBuildFile; fileRef = 5B7752181592EB7F00843C63 /* bg-yellow.png */; };
		5B77522E1592EB7F00843C63 /* bg-yellow@2x.png in Resources */ = {isa = PBXBuildFile; fileRef = 5B7752191592EB7F00843C63 /* bg-yellow@2x.png */; };
		5B77522F1592EB7F00843C63 /* YRDropdownView.m in Sources */ = {isa = PBXBuildFile; fileRef = 5B77521B1592EB7F00843C63 /* YRDropdownView.m */; };
		5B8501041590898C00E8CAFC /* CFNetwork.framework in Frameworks */ = {isa = PBXBuildFile; fileRef = 5B8501031590898C00E8CAFC /* CFNetwork.framework */; };
		5B850106159089CB00E8CAFC /* SystemConfiguration.framework in Frameworks */ = {isa = PBXBuildFile; fileRef = 5B850105159089CB00E8CAFC /* SystemConfiguration.framework */; };
		5B85010915908B6B00E8CAFC /* Security.framework in Frameworks */ = {isa = PBXBuildFile; fileRef = 5B85010815908B6B00E8CAFC /* Security.framework */; };
		5B85011015909A0800E8CAFC /* AuthTestEngine.m in Sources */ = {isa = PBXBuildFile; fileRef = 5B85010F15909A0800E8CAFC /* AuthTestEngine.m */; };
		5BCFE019158BBE9E00484B3F /* UIKit.framework in Frameworks */ = {isa = PBXBuildFile; fileRef = 5BCFE018158BBE9E00484B3F /* UIKit.framework */; };
		5BCFE01B158BBE9E00484B3F /* Foundation.framework in Frameworks */ = {isa = PBXBuildFile; fileRef = 5BCFE01A158BBE9E00484B3F /* Foundation.framework */; };
		5BCFE01D158BBE9E00484B3F /* CoreGraphics.framework in Frameworks */ = {isa = PBXBuildFile; fileRef = 5BCFE01C158BBE9E00484B3F /* CoreGraphics.framework */; };
		5BCFE023158BBE9E00484B3F /* InfoPlist.strings in Resources */ = {isa = PBXBuildFile; fileRef = 5BCFE021158BBE9E00484B3F /* InfoPlist.strings */; };
		5BCFE025158BBE9E00484B3F /* main.m in Sources */ = {isa = PBXBuildFile; fileRef = 5BCFE024158BBE9E00484B3F /* main.m */; };
		5BCFE029158BBE9E00484B3F /* TBAppDelegate.m in Sources */ = {isa = PBXBuildFile; fileRef = 5BCFE028158BBE9E00484B3F /* TBAppDelegate.m */; };
		5BCFE032158BBEEC00484B3F /* TBMainViewController.m in Sources */ = {isa = PBXBuildFile; fileRef = 5BCFE030158BBEEC00484B3F /* TBMainViewController.m */; };
		5BCFE033158BBEEC00484B3F /* TBMainViewController.xib in Resources */ = {isa = PBXBuildFile; fileRef = 5BCFE031158BBEEC00484B3F /* TBMainViewController.xib */; };
/* End PBXBuildFile section */

/* Begin PBXContainerItemProxy section */
		5B7751F91592EB4000843C63 /* PBXContainerItemProxy */ = {
			isa = PBXContainerItemProxy;
			containerPortal = 5B7751BD1592EB4000843C63 /* MKNetworkKit-iOS.xcodeproj */;
			proxyType = 2;
			remoteGlobalIDString = ABB5C25C148B3AE00056D3E9;
			remoteInfo = "MKNetworkKit-iOS";
		};
/* End PBXContainerItemProxy section */

/* Begin PBXFileReference section */
		5B5162AF158BC38F00F19D35 /* TBCredentialsInputViewController.h */ = {isa = PBXFileReference; fileEncoding = 4; lastKnownFileType = sourcecode.c.h; name = TBCredentialsInputViewController.h; path = ../TBCredentialsInputViewController.h; sourceTree = "<group>"; };
		5B5162B0158BC38F00F19D35 /* TBCredentialsInputViewController.m */ = {isa = PBXFileReference; fileEncoding = 4; lastKnownFileType = sourcecode.c.objc; name = TBCredentialsInputViewController.m; path = ../TBCredentialsInputViewController.m; sourceTree = "<group>"; };
		5B5162B1158BC38F00F19D35 /* TBCredentialsInputViewController.xib */ = {isa = PBXFileReference; fileEncoding = 4; lastKnownFileType = file.xib; name = TBCredentialsInputViewController.xib; path = ../TBCredentialsInputViewController.xib; sourceTree = "<group>"; };
		5B7751711592EB4000843C63 /* .gitignore */ = {isa = PBXFileReference; fileEncoding = 4; lastKnownFileType = text; path = .gitignore; sourceTree = "<group>"; };
		5B7751A81592EB4000843C63 /* NSData+Base64.h */ = {isa = PBXFileReference; fileEncoding = 4; lastKnownFileType = sourcecode.c.h; path = "NSData+Base64.h"; sourceTree = "<group>"; };
		5B7751A91592EB4000843C63 /* NSData+Base64.m */ = {isa = PBXFileReference; fileEncoding = 4; lastKnownFileType = sourcecode.c.objc; path = "NSData+Base64.m"; sourceTree = "<group>"; };
		5B7751AA1592EB4000843C63 /* NSDate+RFC1123.h */ = {isa = PBXFileReference; fileEncoding = 4; lastKnownFileType = sourcecode.c.h; path = "NSDate+RFC1123.h"; sourceTree = "<group>"; };
		5B7751AB1592EB4000843C63 /* NSDate+RFC1123.m */ = {isa = PBXFileReference; fileEncoding = 4; lastKnownFileType = sourcecode.c.objc; path = "NSDate+RFC1123.m"; sourceTree = "<group>"; };
		5B7751AC1592EB4000843C63 /* NSDictionary+RequestEncoding.h */ = {isa = PBXFileReference; fileEncoding = 4; lastKnownFileType = sourcecode.c.h; path = "NSDictionary+RequestEncoding.h"; sourceTree = "<group>"; };
		5B7751AD1592EB4000843C63 /* NSDictionary+RequestEncoding.m */ = {isa = PBXFileReference; fileEncoding = 4; lastKnownFileType = sourcecode.c.objc; path = "NSDictionary+RequestEncoding.m"; sourceTree = "<group>"; };
		5B7751AE1592EB4000843C63 /* NSString+MKNetworkKitAdditions.h */ = {isa = PBXFileReference; fileEncoding = 4; lastKnownFileType = sourcecode.c.h; path = "NSString+MKNetworkKitAdditions.h"; sourceTree = "<group>"; };
		5B7751AF1592EB4000843C63 /* NSString+MKNetworkKitAdditions.m */ = {isa = PBXFileReference; fileEncoding = 4; lastKnownFileType = sourcecode.c.objc; path = "NSString+MKNetworkKitAdditions.m"; sourceTree = "<group>"; };
		5B7751B01592EB4000843C63 /* UIAlertView+MKNetworkKitAdditions.h */ = {isa = PBXFileReference; fileEncoding = 4; lastKnownFileType = sourcecode.c.h; path = "UIAlertView+MKNetworkKitAdditions.h"; sourceTree = "<group>"; };
		5B7751B11592EB4000843C63 /* UIAlertView+MKNetworkKitAdditions.m */ = {isa = PBXFileReference; fileEncoding = 4; lastKnownFileType = sourcecode.c.objc; path = "UIAlertView+MKNetworkKitAdditions.m"; sourceTree = "<group>"; };
		5B7751B21592EB4000843C63 /* MKNetworkEngine.h */ = {isa = PBXFileReference; fileEncoding = 4; lastKnownFileType = sourcecode.c.h; path = MKNetworkEngine.h; sourceTree = "<group>"; };
		5B7751B31592EB4000843C63 /* MKNetworkEngine.m */ = {isa = PBXFileReference; fileEncoding = 4; lastKnownFileType = sourcecode.c.objc; path = MKNetworkEngine.m; sourceTree = "<group>"; };
		5B7751B41592EB4000843C63 /* MKNetworkKit.h */ = {isa = PBXFileReference; fileEncoding = 4; lastKnownFileType = sourcecode.c.h; path = MKNetworkKit.h; sourceTree = "<group>"; };
		5B7751B51592EB4000843C63 /* MKNetworkOperation.h */ = {isa = PBXFileReference; fileEncoding = 4; lastKnownFileType = sourcecode.c.h; path = MKNetworkOperation.h; sourceTree = "<group>"; };
		5B7751B61592EB4000843C63 /* MKNetworkOperation.m */ = {isa = PBXFileReference; fileEncoding = 4; lastKnownFileType = sourcecode.c.objc; path = MKNetworkOperation.m; sourceTree = "<group>"; };
		5B7751B81592EB4000843C63 /* Reachability.h */ = {isa = PBXFileReference; fileEncoding = 4; lastKnownFileType = sourcecode.c.h; path = Reachability.h; sourceTree = "<group>"; };
		5B7751B91592EB4000843C63 /* Reachability.m */ = {isa = PBXFileReference; fileEncoding = 4; lastKnownFileType = sourcecode.c.objc; path = Reachability.m; sourceTree = "<group>"; };
		5B7751BC1592EB4000843C63 /* MKNetworkKit-iOS-Prefix.pch */ = {isa = PBXFileReference; fileEncoding = 4; lastKnownFileType = sourcecode.c.h; path = "MKNetworkKit-iOS-Prefix.pch"; sourceTree = "<group>"; };
		5B7751BD1592EB4000843C63 /* MKNetworkKit-iOS.xcodeproj */ = {isa = PBXFileReference; lastKnownFileType = "wrapper.pb-project"; path = "MKNetworkKit-iOS.xcodeproj"; sourceTree = "<group>"; };
		5B7751FF1592EB7F00843C63 /* LICENSE.md */ = {isa = PBXFileReference; fileEncoding = 4; lastKnownFileType = text; path = LICENSE.md; sourceTree = "<group>"; };
		5B7752001592EB7F00843C63 /* README.md */ = {isa = PBXFileReference; fileEncoding = 4; lastKnownFileType = text; path = README.md; sourceTree = "<group>"; };
		5B7752181592EB7F00843C63 /* bg-yellow.png */ = {isa = PBXFileReference; lastKnownFileType = image.png; path = "bg-yellow.png"; sourceTree = "<group>"; };
		5B7752191592EB7F00843C63 /* bg-yellow@2x.png */ = {isa = PBXFileReference; lastKnownFileType = image.png; path = "bg-yellow@2x.png"; sourceTree = "<group>"; };
		5B77521A1592EB7F00843C63 /* YRDropdownView.h */ = {isa = PBXFileReference; fileEncoding = 4; lastKnownFileType = sourcecode.c.h; path = YRDropdownView.h; sourceTree = "<group>"; };
		5B77521B1592EB7F00843C63 /* YRDropdownView.m */ = {isa = PBXFileReference; fileEncoding = 4; lastKnownFileType = sourcecode.c.objc; path = YRDropdownView.m; sourceTree = "<group>"; };
		5B8501031590898C00E8CAFC /* CFNetwork.framework */ = {isa = PBXFileReference; lastKnownFileType = wrapper.framework; name = CFNetwork.framework; path = System/Library/Frameworks/CFNetwork.framework; sourceTree = SDKROOT; };
		5B850105159089CB00E8CAFC /* SystemConfiguration.framework */ = {isa = PBXFileReference; lastKnownFileType = wrapper.framework; name = SystemConfiguration.framework; path = System/Library/Frameworks/SystemConfiguration.framework; sourceTree = SDKROOT; };
		5B85010815908B6B00E8CAFC /* Security.framework */ = {isa = PBXFileReference; lastKnownFileType = wrapper.framework; name = Security.framework; path = System/Library/Frameworks/Security.framework; sourceTree = SDKROOT; };
		5B85010E15909A0800E8CAFC /* AuthTestEngine.h */ = {isa = PBXFileReference; fileEncoding = 4; lastKnownFileType = sourcecode.c.h; path = AuthTestEngine.h; sourceTree = "<group>"; };
		5B85010F15909A0800E8CAFC /* AuthTestEngine.m */ = {isa = PBXFileReference; fileEncoding = 4; lastKnownFileType = sourcecode.c.objc; path = AuthTestEngine.m; sourceTree = "<group>"; };
		5BCFE014158BBE9E00484B3F /* AuthExample.app */ = {isa = PBXFileReference; explicitFileType = wrapper.application; includeInIndex = 0; path = AuthExample.app; sourceTree = BUILT_PRODUCTS_DIR; };
		5BCFE018158BBE9E00484B3F /* UIKit.framework */ = {isa = PBXFileReference; lastKnownFileType = wrapper.framework; name = UIKit.framework; path = System/Library/Frameworks/UIKit.framework; sourceTree = SDKROOT; };
		5BCFE01A158BBE9E00484B3F /* Foundation.framework */ = {isa = PBXFileReference; lastKnownFileType = wrapper.framework; name = Foundation.framework; path = System/Library/Frameworks/Foundation.framework; sourceTree = SDKROOT; };
		5BCFE01C158BBE9E00484B3F /* CoreGraphics.framework */ = {isa = PBXFileReference; lastKnownFileType = wrapper.framework; name = CoreGraphics.framework; path = System/Library/Frameworks/CoreGraphics.framework; sourceTree = SDKROOT; };
		5BCFE020158BBE9E00484B3F /* AuthExample-Info.plist */ = {isa = PBXFileReference; lastKnownFileType = text.plist.xml; path = "AuthExample-Info.plist"; sourceTree = "<group>"; };
		5BCFE022158BBE9E00484B3F /* en */ = {isa = PBXFileReference; lastKnownFileType = text.plist.strings; name = en; path = en.lproj/InfoPlist.strings; sourceTree = "<group>"; };
		5BCFE024158BBE9E00484B3F /* main.m */ = {isa = PBXFileReference; lastKnownFileType = sourcecode.c.objc; path = main.m; sourceTree = "<group>"; };
		5BCFE026158BBE9E00484B3F /* AuthExample-Prefix.pch */ = {isa = PBXFileReference; lastKnownFileType = sourcecode.c.h; path = "AuthExample-Prefix.pch"; sourceTree = "<group>"; };
		5BCFE027158BBE9E00484B3F /* TBAppDelegate.h */ = {isa = PBXFileReference; lastKnownFileType = sourcecode.c.h; path = TBAppDelegate.h; sourceTree = "<group>"; };
		5BCFE028158BBE9E00484B3F /* TBAppDelegate.m */ = {isa = PBXFileReference; lastKnownFileType = sourcecode.c.objc; path = TBAppDelegate.m; sourceTree = "<group>"; };
		5BCFE02F158BBEEC00484B3F /* TBMainViewController.h */ = {isa = PBXFileReference; fileEncoding = 4; lastKnownFileType = sourcecode.c.h; path = TBMainViewController.h; sourceTree = "<group>"; };
		5BCFE030158BBEEC00484B3F /* TBMainViewController.m */ = {isa = PBXFileReference; fileEncoding = 4; lastKnownFileType = sourcecode.c.objc; path = TBMainViewController.m; sourceTree = "<group>"; };
		5BCFE031158BBEEC00484B3F /* TBMainViewController.xib */ = {isa = PBXFileReference; fileEncoding = 4; lastKnownFileType = file.xib; path = TBMainViewController.xib; sourceTree = "<group>"; };
/* End PBXFileReference section */

/* Begin PBXFrameworksBuildPhase section */
		5BCFE011158BBE9E00484B3F /* Frameworks */ = {
			isa = PBXFrameworksBuildPhase;
			buildActionMask = 2147483647;
			files = (
				5B85010915908B6B00E8CAFC /* Security.framework in Frameworks */,
				5B850106159089CB00E8CAFC /* SystemConfiguration.framework in Frameworks */,
				5B8501041590898C00E8CAFC /* CFNetwork.framework in Frameworks */,
				5BCFE019158BBE9E00484B3F /* UIKit.framework in Frameworks */,
				5BCFE01B158BBE9E00484B3F /* Foundation.framework in Frameworks */,
				5BCFE01D158BBE9E00484B3F /* CoreGraphics.framework in Frameworks */,
			);
			runOnlyForDeploymentPostprocessing = 0;
		};
/* End PBXFrameworksBuildPhase section */

/* Begin PBXGroup section */
		5B7751701592EB4000843C63 /* MKNetworkKit */ = {
			isa = PBXGroup;
			children = (
				5B7751711592EB4000843C63 /* .gitignore */,
				5B7751A41592EB4000843C63 /* MKNetworkKit */,
				5B7751BA1592EB4000843C63 /* MKNetworkKit-iOS */,
			);
			name = MKNetworkKit;
			path = ../../3rd_party/MKNetworkKit;
			sourceTree = "<group>";
		};
		5B7751A41592EB4000843C63 /* MKNetworkKit */ = {
			isa = PBXGroup;
			children = (
				5B7751A51592EB4000843C63 /* Categories */,
				5B7751B21592EB4000843C63 /* MKNetworkEngine.h */,
				5B7751B31592EB4000843C63 /* MKNetworkEngine.m */,
				5B7751B41592EB4000843C63 /* MKNetworkKit.h */,
				5B7751B51592EB4000843C63 /* MKNetworkOperation.h */,
				5B7751B61592EB4000843C63 /* MKNetworkOperation.m */,
				5B7751B71592EB4000843C63 /* Reachability */,
			);
			path = MKNetworkKit;
			sourceTree = "<group>";
		};
		5B7751A51592EB4000843C63 /* Categories */ = {
			isa = PBXGroup;
			children = (
				5B7751A81592EB4000843C63 /* NSData+Base64.h */,
				5B7751A91592EB4000843C63 /* NSData+Base64.m */,
				5B7751AA1592EB4000843C63 /* NSDate+RFC1123.h */,
				5B7751AB1592EB4000843C63 /* NSDate+RFC1123.m */,
				5B7751AC1592EB4000843C63 /* NSDictionary+RequestEncoding.h */,
				5B7751AD1592EB4000843C63 /* NSDictionary+RequestEncoding.m */,
				5B7751AE1592EB4000843C63 /* NSString+MKNetworkKitAdditions.h */,
				5B7751AF1592EB4000843C63 /* NSString+MKNetworkKitAdditions.m */,
				5B7751B01592EB4000843C63 /* UIAlertView+MKNetworkKitAdditions.h */,
				5B7751B11592EB4000843C63 /* UIAlertView+MKNetworkKitAdditions.m */,
			);
			path = Categories;
			sourceTree = "<group>";
		};
		5B7751B71592EB4000843C63 /* Reachability */ = {
			isa = PBXGroup;
			children = (
				5B7751B81592EB4000843C63 /* Reachability.h */,
				5B7751B91592EB4000843C63 /* Reachability.m */,
			);
			path = Reachability;
			sourceTree = "<group>";
		};
		5B7751BA1592EB4000843C63 /* MKNetworkKit-iOS */ = {
			isa = PBXGroup;
			children = (
				5B7751BB1592EB4000843C63 /* MKNetworkKit-iOS */,
				5B7751BD1592EB4000843C63 /* MKNetworkKit-iOS.xcodeproj */,
			);
			path = "MKNetworkKit-iOS";
			sourceTree = "<group>";
		};
		5B7751BB1592EB4000843C63 /* MKNetworkKit-iOS */ = {
			isa = PBXGroup;
			children = (
				5B7751BC1592EB4000843C63 /* MKNetworkKit-iOS-Prefix.pch */,
			);
			path = "MKNetworkKit-iOS";
			sourceTree = "<group>";
		};
		5B7751BE1592EB4000843C63 /* Products */ = {
			isa = PBXGroup;
			children = (
				5B7751FA1592EB4000843C63 /* libMKNetworkKit-iOS.a */,
			);
			name = Products;
			sourceTree = "<group>";
		};
		5B7751FE1592EB7F00843C63 /* YRDropdownView */ = {
			isa = PBXGroup;
			children = (
				5B7751FF1592EB7F00843C63 /* LICENSE.md */,
				5B7752001592EB7F00843C63 /* README.md */,
				5B7752171592EB7F00843C63 /* YRDropdownView */,
			);
			name = YRDropdownView;
			path = ../../3rd_party/YRDropdownView;
			sourceTree = "<group>";
		};
		5B7752171592EB7F00843C63 /* YRDropdownView */ = {
			isa = PBXGroup;
			children = (
				5B7752181592EB7F00843C63 /* bg-yellow.png */,
				5B7752191592EB7F00843C63 /* bg-yellow@2x.png */,
				5B77521A1592EB7F00843C63 /* YRDropdownView.h */,
				5B77521B1592EB7F00843C63 /* YRDropdownView.m */,
			);
			path = YRDropdownView;
			sourceTree = "<group>";
		};
		5B8500671590894A00E8CAFC /* 3rd party */ = {
			isa = PBXGroup;
			children = (
				5B7751FE1592EB7F00843C63 /* YRDropdownView */,
				5B7751701592EB4000843C63 /* MKNetworkKit */,
			);
			name = "3rd party";
			sourceTree = "<group>";
		};
		5BCFE009158BBE9D00484B3F = {
			isa = PBXGroup;
			children = (
				5BCFE01E158BBE9E00484B3F /* AuthExample */,
				5BCFE017158BBE9E00484B3F /* Frameworks */,
				5BCFE015158BBE9E00484B3F /* Products */,
			);
			sourceTree = "<group>";
		};
		5BCFE015158BBE9E00484B3F /* Products */ = {
			isa = PBXGroup;
			children = (
				5BCFE014158BBE9E00484B3F /* AuthExample.app */,
			);
			name = Products;
			sourceTree = "<group>";
		};
		5BCFE017158BBE9E00484B3F /* Frameworks */ = {
			isa = PBXGroup;
			children = (
				5B85010815908B6B00E8CAFC /* Security.framework */,
				5B850105159089CB00E8CAFC /* SystemConfiguration.framework */,
				5B8501031590898C00E8CAFC /* CFNetwork.framework */,
				5BCFE018158BBE9E00484B3F /* UIKit.framework */,
				5BCFE01A158BBE9E00484B3F /* Foundation.framework */,
				5BCFE01C158BBE9E00484B3F /* CoreGraphics.framework */,
			);
			name = Frameworks;
			sourceTree = "<group>";
		};
		5BCFE01E158BBE9E00484B3F /* AuthExample */ = {
			isa = PBXGroup;
			children = (
				5BE80DC315932319008FB03C /* Model */,
				5BE80DC2159322FF008FB03C /* ViewControllers */,
				5B8500671590894A00E8CAFC /* 3rd party */,
				5BCFE027158BBE9E00484B3F /* TBAppDelegate.h */,
				5BCFE028158BBE9E00484B3F /* TBAppDelegate.m */,
				5BCFE01F158BBE9E00484B3F /* Supporting Files */,
			);
			path = AuthExample;
			sourceTree = "<group>";
		};
		5BCFE01F158BBE9E00484B3F /* Supporting Files */ = {
			isa = PBXGroup;
			children = (
				5BCFE020158BBE9E00484B3F /* AuthExample-Info.plist */,
				5BCFE021158BBE9E00484B3F /* InfoPlist.strings */,
				5BCFE024158BBE9E00484B3F /* main.m */,
				5BCFE026158BBE9E00484B3F /* AuthExample-Prefix.pch */,
			);
			name = "Supporting Files";
			sourceTree = "<group>";
		};
		5BE80DC2159322FF008FB03C /* ViewControllers */ = {
			isa = PBXGroup;
			children = (
				5BCFE02F158BBEEC00484B3F /* TBMainViewController.h */,
				5BCFE030158BBEEC00484B3F /* TBMainViewController.m */,
				5BCFE031158BBEEC00484B3F /* TBMainViewController.xib */,
				5B5162AF158BC38F00F19D35 /* TBCredentialsInputViewController.h */,
				5B5162B0158BC38F00F19D35 /* TBCredentialsInputViewController.m */,
				5B5162B1158BC38F00F19D35 /* TBCredentialsInputViewController.xib */,
			);
			name = ViewControllers;
			sourceTree = "<group>";
		};
		5BE80DC315932319008FB03C /* Model */ = {
			isa = PBXGroup;
			children = (
				5BE80DC415932324008FB03C /* Network */,
			);
			name = Model;
			sourceTree = "<group>";
		};
		5BE80DC415932324008FB03C /* Network */ = {
			isa = PBXGroup;
			children = (
				5B85010E15909A0800E8CAFC /* AuthTestEngine.h */,
				5B85010F15909A0800E8CAFC /* AuthTestEngine.m */,
			);
			name = Network;
			sourceTree = "<group>";
		};
/* End PBXGroup section */

/* Begin PBXNativeTarget section */
		5BCFE013158BBE9E00484B3F /* AuthExample */ = {
			isa = PBXNativeTarget;
			buildConfigurationList = 5BCFE02C158BBE9E00484B3F /* Build configuration list for PBXNativeTarget "AuthExample" */;
			buildPhases = (
				5BCFE010158BBE9E00484B3F /* Sources */,
				5BCFE011158BBE9E00484B3F /* Frameworks */,
				5BCFE012158BBE9E00484B3F /* Resources */,
			);
			buildRules = (
			);
			dependencies = (
			);
			name = AuthExample;
			productName = AuthExample;
			productReference = 5BCFE014158BBE9E00484B3F /* AuthExample.app */;
			productType = "com.apple.product-type.application";
		};
/* End PBXNativeTarget section */

/* Begin PBXProject section */
		5BCFE00B158BBE9D00484B3F /* Project object */ = {
			isa = PBXProject;
			attributes = {
				CLASSPREFIX = TB;
				LastUpgradeCheck = 0430;
				ORGANIZATIONNAME = "JAKOTA Cruise Systems GmbH";
			};
			buildConfigurationList = 5BCFE00E158BBE9D00484B3F /* Build configuration list for PBXProject "AuthExample" */;
			compatibilityVersion = "Xcode 3.2";
			developmentRegion = English;
			hasScannedForEncodings = 0;
			knownRegions = (
				en,
			);
			mainGroup = 5BCFE009158BBE9D00484B3F;
			productRefGroup = 5BCFE015158BBE9E00484B3F /* Products */;
			projectDirPath = "";
			projectReferences = (
				{
					ProductGroup = 5B7751BE1592EB4000843C63 /* Products */;
					ProjectRef = 5B7751BD1592EB4000843C63 /* MKNetworkKit-iOS.xcodeproj */;
				},
			);
			projectRoot = "";
			targets = (
				5BCFE013158BBE9E00484B3F /* AuthExample */,
			);
		};
/* End PBXProject section */

/* Begin PBXReferenceProxy section */
		5B7751FA1592EB4000843C63 /* libMKNetworkKit-iOS.a */ = {
			isa = PBXReferenceProxy;
			fileType = archive.ar;
			path = "libMKNetworkKit-iOS.a";
			remoteRef = 5B7751F91592EB4000843C63 /* PBXContainerItemProxy */;
			sourceTree = BUILT_PRODUCTS_DIR;
		};
/* End PBXReferenceProxy section */

/* Begin PBXResourcesBuildPhase section */
		5BCFE012158BBE9E00484B3F /* Resources */ = {
			isa = PBXResourcesBuildPhase;
			buildActionMask = 2147483647;
			files = (
				5BCFE023158BBE9E00484B3F /* InfoPlist.strings in Resources */,
				5BCFE033158BBEEC00484B3F /* TBMainViewController.xib in Resources */,
				5B5162B3158BC38F00F19D35 /* TBCredentialsInputViewController.xib in Resources */,
				5B7751D11592EB4000843C63 /* .gitignore in Resources */,
				5B7752201592EB7F00843C63 /* LICENSE.md in Resources */,
				5B7752211592EB7F00843C63 /* README.md in Resources */,
				5B77522D1592EB7F00843C63 /* bg-yellow.png in Resources */,
				5B77522E1592EB7F00843C63 /* bg-yellow@2x.png in Resources */,
			);
			runOnlyForDeploymentPostprocessing = 0;
		};
/* End PBXResourcesBuildPhase section */

/* Begin PBXSourcesBuildPhase section */
		5BCFE010158BBE9E00484B3F /* Sources */ = {
			isa = PBXSourcesBuildPhase;
			buildActionMask = 2147483647;
			files = (
				5BCFE025158BBE9E00484B3F /* main.m in Sources */,
				5BCFE029158BBE9E00484B3F /* TBAppDelegate.m in Sources */,
				5BCFE032158BBEEC00484B3F /* TBMainViewController.m in Sources */,
				5B5162B2158BC38F00F19D35 /* TBCredentialsInputViewController.m in Sources */,
				5B85011015909A0800E8CAFC /* AuthTestEngine.m in Sources */,
				5B7751E81592EB4000843C63 /* NSData+Base64.m in Sources */,
				5B7751E91592EB4000843C63 /* NSDate+RFC1123.m in Sources */,
				5B7751EA1592EB4000843C63 /* NSDictionary+RequestEncoding.m in Sources */,
				5B7751EB1592EB4000843C63 /* NSString+MKNetworkKitAdditions.m in Sources */,
				5B7751EC1592EB4000843C63 /* UIAlertView+MKNetworkKitAdditions.m in Sources */,
				5B7751ED1592EB4000843C63 /* MKNetworkEngine.m in Sources */,
				5B7751EE1592EB4000843C63 /* MKNetworkOperation.m in Sources */,
				5B7751EF1592EB4000843C63 /* Reachability.m in Sources */,
				5B77522F1592EB7F00843C63 /* YRDropdownView.m in Sources */,
			);
			runOnlyForDeploymentPostprocessing = 0;
		};
/* End PBXSourcesBuildPhase section */

/* Begin PBXVariantGroup section */
		5BCFE021158BBE9E00484B3F /* InfoPlist.strings */ = {
			isa = PBXVariantGroup;
			children = (
				5BCFE022158BBE9E00484B3F /* en */,
			);
			name = InfoPlist.strings;
			sourceTree = "<group>";
		};
/* End PBXVariantGroup section */

/* Begin XCBuildConfiguration section */
		5BCFE02A158BBE9E00484B3F /* Debug */ = {
			isa = XCBuildConfiguration;
			buildSettings = {
				ALWAYS_SEARCH_USER_PATHS = NO;
				ARCHS = "$(ARCHS_STANDARD_32_BIT)";
				CLANG_ENABLE_OBJC_ARC = YES;
				"CODE_SIGN_IDENTITY[sdk=iphoneos*]" = "iPhone Developer";
				COPY_PHASE_STRIP = NO;
				GCC_C_LANGUAGE_STANDARD = gnu99;
				GCC_DYNAMIC_NO_PIC = NO;
				GCC_OPTIMIZATION_LEVEL = 0;
				GCC_PREPROCESSOR_DEFINITIONS = (
					"DEBUG=1",
					"$(inherited)",
				);
				GCC_SYMBOLS_PRIVATE_EXTERN = NO;
				GCC_VERSION = com.apple.compilers.llvm.clang.1_0;
				GCC_WARN_ABOUT_RETURN_TYPE = YES;
				GCC_WARN_UNINITIALIZED_AUTOS = YES;
				GCC_WARN_UNUSED_VARIABLE = YES;
				IPHONEOS_DEPLOYMENT_TARGET = 5.1;
				SDKROOT = iphoneos;
				TARGETED_DEVICE_FAMILY = "1,2";
			};
			name = Debug;
		};
		5BCFE02B158BBE9E00484B3F /* Release */ = {
			isa = XCBuildConfiguration;
			buildSettings = {
				ALWAYS_SEARCH_USER_PATHS = NO;
				ARCHS = "$(ARCHS_STANDARD_32_BIT)";
				CLANG_ENABLE_OBJC_ARC = YES;
				"CODE_SIGN_IDENTITY[sdk=iphoneos*]" = "iPhone Developer";
				COPY_PHASE_STRIP = YES;
				GCC_C_LANGUAGE_STANDARD = gnu99;
				GCC_VERSION = com.apple.compilers.llvm.clang.1_0;
				GCC_WARN_ABOUT_RETURN_TYPE = YES;
				GCC_WARN_UNINITIALIZED_AUTOS = YES;
				GCC_WARN_UNUSED_VARIABLE = YES;
				IPHONEOS_DEPLOYMENT_TARGET = 5.1;
				OTHER_CFLAGS = "-DNS_BLOCK_ASSERTIONS=1";
				SDKROOT = iphoneos;
				TARGETED_DEVICE_FAMILY = "1,2";
				VALIDATE_PRODUCT = YES;
			};
			name = Release;
		};
		5BCFE02D158BBE9E00484B3F /* Debug */ = {
			isa = XCBuildConfiguration;
			buildSettings = {
				GCC_PRECOMPILE_PREFIX_HEADER = YES;
				GCC_PREFIX_HEADER = "AuthExample/AuthExample-Prefix.pch";
				INFOPLIST_FILE = "AuthExample/AuthExample-Info.plist";
				PRODUCT_NAME = "$(TARGET_NAME)";
				WRAPPER_EXTENSION = app;
			};
			name = Debug;
		};
		5BCFE02E158BBE9E00484B3F /* Release */ = {
			isa = XCBuildConfiguration;
			buildSettings = {
				GCC_PRECOMPILE_PREFIX_HEADER = YES;
				GCC_PREFIX_HEADER = "AuthExample/AuthExample-Prefix.pch";
				INFOPLIST_FILE = "AuthExample/AuthExample-Info.plist";
				PRODUCT_NAME = "$(TARGET_NAME)";
				WRAPPER_EXTENSION = app;
			};
			name = Release;
		};
/* End XCBuildConfiguration section */

/* Begin XCConfigurationList section */
		5BCFE00E158BBE9D00484B3F /* Build configuration list for PBXProject "AuthExample" */ = {
			isa = XCConfigurationList;
			buildConfigurations = (
				5BCFE02A158BBE9E00484B3F /* Debug */,
				5BCFE02B158BBE9E00484B3F /* Release */,
			);
			defaultConfigurationIsVisible = 0;
			defaultConfigurationName = Release;
		};
		5BCFE02C158BBE9E00484B3F /* Build configuration list for PBXNativeTarget "AuthExample" */ = {
			isa = XCConfigurationList;
			buildConfigurations = (
				5BCFE02D158BBE9E00484B3F /* Debug */,
				5BCFE02E158BBE9E00484B3F /* Release */,
			);
			defaultConfigurationIsVisible = 0;
			defaultConfigurationName = Release;
		};
/* End XCConfigurationList section */
	};
	rootObject = 5BCFE00B158BBE9D00484B3F /* Project object */;
}
